
Microsoft Visual Studio Solution File, Format Version 12.00
# Visual Studio Version 16
VisualStudioVersion = 16.0.29806.167
MinimumVisualStudioVersion = 10.0.40219.1
Project("{FAE04EC0-301F-11D3-BF4B-00C04F79EFBC}") = "WebApplication4", "WebApplication4\WebApplication4.csproj", "{88549024-AA7F-489D-B225-118B6F168D5E}"
EndProject
Project("{2150E333-8FDC-42A3-9474-1A3956D46DE8}") = "Solution Items", "Solution Items", "{6495827D-B724-4E9B-BC6D-D89EB28A0189}"
	ProjectSection(SolutionItems) = preProject
		.editorconfig = .editorconfig
	EndProjectSection
EndProject
Global
	GlobalSection(SolutionConfigurationPlatforms) = preSolution
		Debug|Any CPU = Debug|Any CPU
		Release|Any CPU = Release|Any CPU
	EndGlobalSection
	GlobalSection(ProjectConfigurationPlatforms) = postSolution
		{88549024-AA7F-489D-B225-118B6F168D5E}.Debug|Any CPU.ActiveCfg = Debug|Any CPU
		{88549024-AA7F-489D-B225-118B6F168D5E}.Debug|Any CPU.Build.0 = Debug|Any CPU
		{88549024-AA7F-489D-B225-118B6F168D5E}.Release|Any CPU.ActiveCfg = Release|Any CPU
		{88549024-AA7F-489D-B225-118B6F168D5E}.Release|Any CPU.Build.0 = Release|Any CPU
	EndGlobalSection
	GlobalSection(SolutionProperties) = preSolution
		HideSolutionNode = FALSE
	EndGlobalSection
	GlobalSection(ExtensibilityGlobals) = postSolution
		SolutionGuid = {B5F0B88F-92B6-469B-9FB4-CFD1073CF36A}
	EndGlobalSection
EndGlobal
